// !$*UTF8*$!
{
	archiveVersion = 1;
	classes = {
	};
	objectVersion = 46;
	objects = {

/* Begin PBXBuildFile section */
		CA69605B1DA32A020003270D /* AppDelegate.swift in Sources */ = {isa = PBXBuildFile; fileRef = CA69605A1DA32A020003270D /* AppDelegate.swift */; };
		CA69605D1DA32A020003270D /* ViewController.swift in Sources */ = {isa = PBXBuildFile; fileRef = CA69605C1DA32A020003270D /* ViewController.swift */; };
		CA6960601DA32A020003270D /* Main.storyboard in Resources */ = {isa = PBXBuildFile; fileRef = CA69605E1DA32A020003270D /* Main.storyboard */; };
		CA6960621DA32A020003270D /* Assets.xcassets in Resources */ = {isa = PBXBuildFile; fileRef = CA6960611DA32A020003270D /* Assets.xcassets */; };
		CA6960651DA32A020003270D /* LaunchScreen.storyboard in Resources */ = {isa = PBXBuildFile; fileRef = CA6960631DA32A020003270D /* LaunchScreen.storyboard */; };
		CA6960701DA32A020003270D /* GoForLakePowellTests.swift in Sources */ = {isa = PBXBuildFile; fileRef = CA69606F1DA32A020003270D /* GoForLakePowellTests.swift */; };
/* End PBXBuildFile section */

/* Begin PBXContainerItemProxy section */
		CA69606C1DA32A020003270D /* PBXContainerItemProxy */ = {
			isa = PBXContainerItemProxy;
			containerPortal = CA69604F1DA32A020003270D /* Project object */;
			proxyType = 1;
			remoteGlobalIDString = CA6960561DA32A020003270D;
			remoteInfo = GoForLakePowell;
		};
/* End PBXContainerItemProxy section */

/* Begin PBXFileReference section */
		CA6960571DA32A020003270D /* GoForLakePowell.app */ = {isa = PBXFileReference; explicitFileType = wrapper.application; includeInIndex = 0; path = GoForLakePowell.app; sourceTree = BUILT_PRODUCTS_DIR; };
		CA69605A1DA32A020003270D /* AppDelegate.swift */ = {isa = PBXFileReference; lastKnownFileType = sourcecode.swift; path = AppDelegate.swift; sourceTree = "<group>"; };
		CA69605C1DA32A020003270D /* ViewController.swift */ = {isa = PBXFileReference; lastKnownFileType = sourcecode.swift; path = ViewController.swift; sourceTree = "<group>"; };
		CA69605F1DA32A020003270D /* Base */ = {isa = PBXFileReference; lastKnownFileType = file.storyboard; name = Base; path = Base.lproj/Main.storyboard; sourceTree = "<group>"; };
		CA6960611DA32A020003270D /* Assets.xcassets */ = {isa = PBXFileReference; lastKnownFileType = folder.assetcatalog; path = Assets.xcassets; sourceTree = "<group>"; };
		CA6960641DA32A020003270D /* Base */ = {isa = PBXFileReference; lastKnownFileType = file.storyboard; name = Base; path = Base.lproj/LaunchScreen.storyboard; sourceTree = "<group>"; };
		CA6960661DA32A020003270D /* Info.plist */ = {isa = PBXFileReference; lastKnownFileType = text.plist.xml; path = Info.plist; sourceTree = "<group>"; };
		CA69606B1DA32A020003270D /* GoForLakePowellTests.xctest */ = {isa = PBXFileReference; explicitFileType = wrapper.cfbundle; includeInIndex = 0; path = GoForLakePowellTests.xctest; sourceTree = BUILT_PRODUCTS_DIR; };
		CA69606F1DA32A020003270D /* GoForLakePowellTests.swift */ = {isa = PBXFileReference; lastKnownFileType = sourcecode.swift; path = GoForLakePowellTests.swift; sourceTree = "<group>"; };
		CA6960711DA32A020003270D /* Info.plist */ = {isa = PBXFileReference; lastKnownFileType = text.plist.xml; path = Info.plist; sourceTree = "<group>"; };
/* End PBXFileReference section */

/* Begin PBXFrameworksBuildPhase section */
		CA6960541DA32A020003270D /* Frameworks */ = {
			isa = PBXFrameworksBuildPhase;
			buildActionMask = 2147483647;
			files = (
			);
			runOnlyForDeploymentPostprocessing = 0;
		};
		CA6960681DA32A020003270D /* Frameworks */ = {
			isa = PBXFrameworksBuildPhase;
			buildActionMask = 2147483647;
			files = (
			);
			runOnlyForDeploymentPostprocessing = 0;
		};
/* End PBXFrameworksBuildPhase section */

/* Begin PBXGroup section */
		CA69604E1DA32A020003270D = {
			isa = PBXGroup;
			children = (
				CA6960591DA32A020003270D /* GoForLakePowell */,
				CA69606E1DA32A020003270D /* GoForLakePowellTests */,
				CA6960581DA32A020003270D /* Products */,
			);
			sourceTree = "<group>";
		};
		CA6960581DA32A020003270D /* Products */ = {
			isa = PBXGroup;
			children = (
				CA6960571DA32A020003270D /* GoForLakePowell.app */,
				CA69606B1DA32A020003270D /* GoForLakePowellTests.xctest */,
			);
			name = Products;
			sourceTree = "<group>";
		};
		CA6960591DA32A020003270D /* GoForLakePowell */ = {
			isa = PBXGroup;
			children = (
				CA69605A1DA32A020003270D /* AppDelegate.swift */,
				CA69605C1DA32A020003270D /* ViewController.swift */,
				CA69605E1DA32A020003270D /* Main.storyboard */,
				CA6960611DA32A020003270D /* Assets.xcassets */,
				CA6960631DA32A020003270D /* LaunchScreen.storyboard */,
				CA6960661DA32A020003270D /* Info.plist */,
			);
			path = GoForLakePowell;
			sourceTree = "<group>";
		};
		CA69606E1DA32A020003270D /* GoForLakePowellTests */ = {
			isa = PBXGroup;
			children = (
				CA69606F1DA32A020003270D /* GoForLakePowellTests.swift */,
				CA6960711DA32A020003270D /* Info.plist */,
			);
			path = GoForLakePowellTests;
			sourceTree = "<group>";
		};
/* End PBXGroup section */

/* Begin PBXNativeTarget section */
		CA6960561DA32A020003270D /* GoForLakePowell */ = {
			isa = PBXNativeTarget;
			buildConfigurationList = CA6960741DA32A020003270D /* Build configuration list for PBXNativeTarget "GoForLakePowell" */;
			buildPhases = (
				CA6960531DA32A020003270D /* Sources */,
				CA6960541DA32A020003270D /* Frameworks */,
				CA6960551DA32A020003270D /* Resources */,
			);
			buildRules = (
			);
			dependencies = (
			);
			name = GoForLakePowell;
			productName = GoForLakePowell;
			productReference = CA6960571DA32A020003270D /* GoForLakePowell.app */;
			productType = "com.apple.product-type.application";
		};
		CA69606A1DA32A020003270D /* GoForLakePowellTests */ = {
			isa = PBXNativeTarget;
			buildConfigurationList = CA6960771DA32A020003270D /* Build configuration list for PBXNativeTarget "GoForLakePowellTests" */;
			buildPhases = (
				CA6960671DA32A020003270D /* Sources */,
				CA6960681DA32A020003270D /* Frameworks */,
				CA6960691DA32A020003270D /* Resources */,
			);
			buildRules = (
			);
			dependencies = (
				CA69606D1DA32A020003270D /* PBXTargetDependency */,
			);
			name = GoForLakePowellTests;
			productName = GoForLakePowellTests;
			productReference = CA69606B1DA32A020003270D /* GoForLakePowellTests.xctest */;
			productType = "com.apple.product-type.bundle.unit-test";
		};
/* End PBXNativeTarget section */

/* Begin PBXProject section */
		CA69604F1DA32A020003270D /* Project object */ = {
			isa = PBXProject;
			attributes = {
				LastSwiftUpdateCheck = 0800;
				LastUpgradeCheck = 0800;
				ORGANIZATIONNAME = "Parthasarathy, Madhu";
				TargetAttributes = {
					CA6960561DA32A020003270D = {
						CreatedOnToolsVersion = 8.0;
						DevelopmentTeam = 4JBBRV2RJU;
						ProvisioningStyle = Automatic;
					};
					CA69606A1DA32A020003270D = {
						CreatedOnToolsVersion = 8.0;
						DevelopmentTeam = 4JBBRV2RJU;
						ProvisioningStyle = Automatic;
						TestTargetID = CA6960561DA32A020003270D;
					};
				};
			};
			buildConfigurationList = CA6960521DA32A020003270D /* Build configuration list for PBXProject "GoForLakePowell" */;
			compatibilityVersion = "Xcode 3.2";
			developmentRegion = English;
			hasScannedForEncodings = 0;
			knownRegions = (
				en,
				Base,
			);
			mainGroup = CA69604E1DA32A020003270D;
			productRefGroup = CA6960581DA32A020003270D /* Products */;
			projectDirPath = "";
			projectRoot = "";
			targets = (
				CA6960561DA32A020003270D /* GoForLakePowell */,
				CA69606A1DA32A020003270D /* GoForLakePowellTests */,
			);
		};
/* End PBXProject section */

/* Begin PBXResourcesBuildPhase section */
		CA6960551DA32A020003270D /* Resources */ = {
			isa = PBXResourcesBuildPhase;
			buildActionMask = 2147483647;
			files = (
				CA6960651DA32A020003270D /* LaunchScreen.storyboard in Resources */,
				CA6960621DA32A020003270D /* Assets.xcassets in Resources */,
				CA6960601DA32A020003270D /* Main.storyboard in Resources */,
			);
			runOnlyForDeploymentPostprocessing = 0;
		};
		CA6960691DA32A020003270D /* Resources */ = {
			isa = PBXResourcesBuildPhase;
			buildActionMask = 2147483647;
			files = (
			);
			runOnlyForDeploymentPostprocessing = 0;
		};
/* End PBXResourcesBuildPhase section */

/* Begin PBXSourcesBuildPhase section */
		CA6960531DA32A020003270D /* Sources */ = {
			isa = PBXSourcesBuildPhase;
			buildActionMask = 2147483647;
			files = (
				CA69605D1DA32A020003270D /* ViewController.swift in Sources */,
				CA69605B1DA32A020003270D /* AppDelegate.swift in Sources */,
			);
			runOnlyForDeploymentPostprocessing = 0;
		};
		CA6960671DA32A020003270D /* Sources */ = {
			isa = PBXSourcesBuildPhase;
			buildActionMask = 2147483647;
			files = (
				CA6960701DA32A020003270D /* GoForLakePowellTests.swift in Sources */,
			);
			runOnlyForDeploymentPostprocessing = 0;
		};
/* End PBXSourcesBuildPhase section */

/* Begin PBXTargetDependency section */
		CA69606D1DA32A020003270D /* PBXTargetDependency */ = {
			isa = PBXTargetDependency;
			target = CA6960561DA32A020003270D /* GoForLakePowell */;
			targetProxy = CA69606C1DA32A020003270D /* PBXContainerItemProxy */;
		};
/* End PBXTargetDependency section */

/* Begin PBXVariantGroup section */
		CA69605E1DA32A020003270D /* Main.storyboard */ = {
			isa = PBXVariantGroup;
			children = (
				CA69605F1DA32A020003270D /* Base */,
			);
			name = Main.storyboard;
			sourceTree = "<group>";
		};
		CA6960631DA32A020003270D /* LaunchScreen.storyboard */ = {
			isa = PBXVariantGroup;
			children = (
				CA6960641DA32A020003270D /* Base */,
			);
			name = LaunchScreen.storyboard;
			sourceTree = "<group>";
		};
/* End PBXVariantGroup section */

/* Begin XCBuildConfiguration section */
		CA6960721DA32A020003270D /* Debug */ = {
			isa = XCBuildConfiguration;
			buildSettings = {
				ALWAYS_SEARCH_USER_PATHS = NO;
				CLANG_ANALYZER_NONNULL = YES;
				CLANG_CXX_LANGUAGE_STANDARD = "gnu++0x";
				CLANG_CXX_LIBRARY = "libc++";
				CLANG_ENABLE_MODULES = YES;
				CLANG_ENABLE_OBJC_ARC = YES;
				CLANG_WARN_BOOL_CONVERSION = YES;
				CLANG_WARN_CONSTANT_CONVERSION = YES;
				CLANG_WARN_DIRECT_OBJC_ISA_USAGE = YES_ERROR;
				CLANG_WARN_DOCUMENTATION_COMMENTS = YES;
				CLANG_WARN_EMPTY_BODY = YES;
				CLANG_WARN_ENUM_CONVERSION = YES;
				CLANG_WARN_INFINITE_RECURSION = YES;
				CLANG_WARN_INT_CONVERSION = YES;
				CLANG_WARN_OBJC_ROOT_CLASS = YES_ERROR;
				CLANG_WARN_SUSPICIOUS_MOVES = YES;
				CLANG_WARN_UNREACHABLE_CODE = YES;
				CLANG_WARN__DUPLICATE_METHOD_MATCH = YES;
				"CODE_SIGN_IDENTITY[sdk=iphoneos*]" = "iPhone Developer";
				COPY_PHASE_STRIP = NO;
				DEBUG_INFORMATION_FORMAT = dwarf;
				ENABLE_STRICT_OBJC_MSGSEND = YES;
				ENABLE_TESTABILITY = YES;
				GCC_C_LANGUAGE_STANDARD = gnu99;
				GCC_DYNAMIC_NO_PIC = NO;
				GCC_NO_COMMON_BLOCKS = YES;
				GCC_OPTIMIZATION_LEVEL = 0;
				GCC_PREPROCESSOR_DEFINITIONS = (
					"DEBUG=1",
					"$(inherited)",
				);
				GCC_WARN_64_TO_32_BIT_CONVERSION = YES;
				GCC_WARN_ABOUT_RETURN_TYPE = YES_ERROR;
				GCC_WARN_UNDECLARED_SELECTOR = YES;
				GCC_WARN_UNINITIALIZED_AUTOS = YES_AGGRESSIVE;
				GCC_WARN_UNUSED_FUNCTION = YES;
				GCC_WARN_UNUSED_VARIABLE = YES;
				IPHONEOS_DEPLOYMENT_TARGET = 10.0;
				MTL_ENABLE_DEBUG_INFO = YES;
				ONLY_ACTIVE_ARCH = YES;
				SDKROOT = iphoneos;
				SWIFT_ACTIVE_COMPILATION_CONDITIONS = DEBUG;
				SWIFT_OPTIMIZATION_LEVEL = "-Onone";
				TARGETED_DEVICE_FAMILY = "1,2";
			};
			name = Debug;
		};
		CA6960731DA32A020003270D /* Release */ = {
			isa = XCBuildConfiguration;
			buildSettings = {
				ALWAYS_SEARCH_USER_PATHS = NO;
				CLANG_ANALYZER_NONNULL = YES;
				CLANG_CXX_LANGUAGE_STANDARD = "gnu++0x";
				CLANG_CXX_LIBRARY = "libc++";
				CLANG_ENABLE_MODULES = YES;
				CLANG_ENABLE_OBJC_ARC = YES;
				CLANG_WARN_BOOL_CONVERSION = YES;
				CLANG_WARN_CONSTANT_CONVERSION = YES;
				CLANG_WARN_DIRECT_OBJC_ISA_USAGE = YES_ERROR;
				CLANG_WARN_DOCUMENTATION_COMMENTS = YES;
				CLANG_WARN_EMPTY_BODY = YES;
				CLANG_WARN_ENUM_CONVERSION = YES;
				CLANG_WARN_INFINITE_RECURSION = YES;
				CLANG_WARN_INT_CONVERSION = YES;
				CLANG_WARN_OBJC_ROOT_CLASS = YES_ERROR;
				CLANG_WARN_SUSPICIOUS_MOVES = YES;
				CLANG_WARN_UNREACHABLE_CODE = YES;
				CLANG_WARN__DUPLICATE_METHOD_MATCH = YES;
				"CODE_SIGN_IDENTITY[sdk=iphoneos*]" = "iPhone Developer";
				COPY_PHASE_STRIP = NO;
				DEBUG_INFORMATION_FORMAT = "dwarf-with-dsym";
				ENABLE_NS_ASSERTIONS = NO;
				ENABLE_STRICT_OBJC_MSGSEND = YES;
				GCC_C_LANGUAGE_STANDARD = gnu99;
				GCC_NO_COMMON_BLOCKS = YES;
				GCC_WARN_64_TO_32_BIT_CONVERSION = YES;
				GCC_WARN_ABOUT_RETURN_TYPE = YES_ERROR;
				GCC_WARN_UNDECLARED_SELECTOR = YES;
				GCC_WARN_UNINITIALIZED_AUTOS = YES_AGGRESSIVE;
				GCC_WARN_UNUSED_FUNCTION = YES;
				GCC_WARN_UNUSED_VARIABLE = YES;
				IPHONEOS_DEPLOYMENT_TARGET = 10.0;
				MTL_ENABLE_DEBUG_INFO = NO;
				SDKROOT = iphoneos;
				SWIFT_OPTIMIZATION_LEVEL = "-Owholemodule";
				TARGETED_DEVICE_FAMILY = "1,2";
				VALIDATE_PRODUCT = YES;
			};
			name = Release;
		};
		CA6960751DA32A020003270D /* Debug */ = {
			isa = XCBuildConfiguration;
			buildSettings = {
				ASSETCATALOG_COMPILER_APPICON_NAME = AppIcon;
				DEVELOPMENT_TEAM = 4JBBRV2RJU;
				INFOPLIST_FILE = GoForLakePowell/Info.plist;
				LD_RUNPATH_SEARCH_PATHS = "$(inherited) @executable_path/Frameworks";
				PRODUCT_BUNDLE_IDENTIFIER = com.example.GoForLakePowell;
				PRODUCT_NAME = "$(TARGET_NAME)";
				SWIFT_VERSION = 3.0;
			};
			name = Debug;
		};
		CA6960761DA32A020003270D /* Release */ = {
			isa = XCBuildConfiguration;
			buildSettings = {
				ASSETCATALOG_COMPILER_APPICON_NAME = AppIcon;
				DEVELOPMENT_TEAM = 4JBBRV2RJU;
				INFOPLIST_FILE = GoForLakePowell/Info.plist;
				LD_RUNPATH_SEARCH_PATHS = "$(inherited) @executable_path/Frameworks";
				PRODUCT_BUNDLE_IDENTIFIER = com.example.GoForLakePowell;
				PRODUCT_NAME = "$(TARGET_NAME)";
				SWIFT_VERSION = 3.0;
			};
			name = Release;
		};
		CA6960781DA32A020003270D /* Debug */ = {
			isa = XCBuildConfiguration;
			buildSettings = {
				ALWAYS_EMBED_SWIFT_STANDARD_LIBRARIES = YES;
				BUNDLE_LOADER = "$(TEST_HOST)";
				DEVELOPMENT_TEAM = 4JBBRV2RJU;
				INFOPLIST_FILE = GoForLakePowellTests/Info.plist;
				LD_RUNPATH_SEARCH_PATHS = "$(inherited) @executable_path/Frameworks @loader_path/Frameworks";
				PRODUCT_BUNDLE_IDENTIFIER = com.example.GoForLakePowellTests;
				PRODUCT_NAME = "$(TARGET_NAME)";
				SWIFT_VERSION = 3.0;
				TEST_HOST = "$(BUILT_PRODUCTS_DIR)/GoForLakePowell.app/GoForLakePowell";
			};
			name = Debug;
		};
		CA6960791DA32A020003270D /* Release */ = {
			isa = XCBuildConfiguration;
			buildSettings = {
				ALWAYS_EMBED_SWIFT_STANDARD_LIBRARIES = YES;
				BUNDLE_LOADER = "$(TEST_HOST)";
				DEVELOPMENT_TEAM = 4JBBRV2RJU;
				INFOPLIST_FILE = GoForLakePowellTests/Info.plist;
				LD_RUNPATH_SEARCH_PATHS = "$(inherited) @executable_path/Frameworks @loader_path/Frameworks";
				PRODUCT_BUNDLE_IDENTIFIER = com.example.GoForLakePowellTests;
				PRODUCT_NAME = "$(TARGET_NAME)";
				SWIFT_VERSION = 3.0;
				TEST_HOST = "$(BUILT_PRODUCTS_DIR)/GoForLakePowell.app/GoForLakePowell";
			};
			name = Release;
		};
/* End XCBuildConfiguration section */

/* Begin XCConfigurationList section */
		CA6960521DA32A020003270D /* Build configuration list for PBXProject "GoForLakePowell" */ = {
			isa = XCConfigurationList;
			buildConfigurations = (
				CA6960721DA32A020003270D /* Debug */,
				CA6960731DA32A020003270D /* Release */,
			);
			defaultConfigurationIsVisible = 0;
			defaultConfigurationName = Release;
		};
		CA6960741DA32A020003270D /* Build configuration list for PBXNativeTarget "GoForLakePowell" */ = {
			isa = XCConfigurationList;
			buildConfigurations = (
				CA6960751DA32A020003270D /* Debug */,
				CA6960761DA32A020003270D /* Release */,
			);
			defaultConfigurationIsVisible = 0;
		};
		CA6960771DA32A020003270D /* Build configuration list for PBXNativeTarget "GoForLakePowellTests" */ = {
			isa = XCConfigurationList;
			buildConfigurations = (
				CA6960781DA32A020003270D /* Debug */,
				CA6960791DA32A020003270D /* Release */,
			);
			defaultConfigurationIsVisible = 0;
		};
/* End XCConfigurationList section */
	};
	rootObject = CA69604F1DA32A020003270D /* Project object */;
}
